
Microsoft Visual Studio Solution File, Format Version 12.00
# Visual Studio Version 17
VisualStudioVersion = 17.11.35312.102
MinimumVisualStudioVersion = 10.0.40219.1
Project("{9A19103F-16F7-4668-BE54-9A1E7A4F7556}") = "BonaLiz.Api", "BonaLiz.Api\BonaLiz.Api.csproj", "{03152047-47BC-4CD0-BB76-61F656271E90}"
EndProject
Project("{9A19103F-16F7-4668-BE54-9A1E7A4F7556}") = "BonaLiz.Dados", "BonaLiz.Dados\BonaLiz.Dados.csproj", "{CD4EABC1-33DB-4688-891A-AEE23D059CC3}"
EndProject
Project("{9A19103F-16F7-4668-BE54-9A1E7A4F7556}") = "BonaLiz.Domain", "BonaLiz.Domain\BonaLiz.Domain.csproj", "{BDCE9F1E-7493-4049-BBBA-6A212CD056B1}"
EndProject
Project("{9A19103F-16F7-4668-BE54-9A1E7A4F7556}") = "BonaLiz.Negocio", "BonaLiz.Negocio\BonaLiz.Negocio.csproj", "{A54056D6-6A77-49F0-B4CE-7DA4576E3610}"
EndProject
Project("{FAE04EC0-301F-11D3-BF4B-00C04F79EFBC}") = "BonaLiz.Identity", "BonaLiz.Identity\BonaLiz.Identity.csproj", "{B81B2BAF-AC6B-41AA-81BD-1E75169EAD0A}"
EndProject
Project("{FAE04EC0-301F-11D3-BF4B-00C04F79EFBC}") = "BonaLiz.RabbitMQ", "BonaLiz.RabbitMQ\BonaLiz.RabbitMQ.csproj", "{18C7D45A-9846-48AB-A55B-C34FECB80A51}"
EndProject
Global
	GlobalSection(SolutionConfigurationPlatforms) = preSolution
		Desenvolvimento|Any CPU = Desenvolvimento|Any CPU
		Homologacao|Any CPU = Homologacao|Any CPU
		Producao|Any CPU = Producao|Any CPU
	EndGlobalSection
	GlobalSection(ProjectConfigurationPlatforms) = postSolution
		{03152047-47BC-4CD0-BB76-61F656271E90}.Desenvolvimento|Any CPU.ActiveCfg = Desenvolvimento|Any CPU
		{03152047-47BC-4CD0-BB76-61F656271E90}.Desenvolvimento|Any CPU.Build.0 = Desenvolvimento|Any CPU
		{03152047-47BC-4CD0-BB76-61F656271E90}.Homologacao|Any CPU.ActiveCfg = Homologacao|Any CPU
		{03152047-47BC-4CD0-BB76-61F656271E90}.Homologacao|Any CPU.Build.0 = Homologacao|Any CPU
		{03152047-47BC-4CD0-BB76-61F656271E90}.Producao|Any CPU.ActiveCfg = Producao|Any CPU
		{CD4EABC1-33DB-4688-891A-AEE23D059CC3}.Desenvolvimento|Any CPU.ActiveCfg = Desenvolvimento|Any CPU
		{CD4EABC1-33DB-4688-891A-AEE23D059CC3}.Desenvolvimento|Any CPU.Build.0 = Desenvolvimento|Any CPU
		{CD4EABC1-33DB-4688-891A-AEE23D059CC3}.Homologacao|Any CPU.ActiveCfg = Homologacao|Any CPU
		{CD4EABC1-33DB-4688-891A-AEE23D059CC3}.Homologacao|Any CPU.Build.0 = Homologacao|Any CPU
		{CD4EABC1-33DB-4688-891A-AEE23D059CC3}.Producao|Any CPU.ActiveCfg = Producao|Any CPU
		{BDCE9F1E-7493-4049-BBBA-6A212CD056B1}.Desenvolvimento|Any CPU.ActiveCfg = Desenvolvimento|Any CPU
		{BDCE9F1E-7493-4049-BBBA-6A212CD056B1}.Desenvolvimento|Any CPU.Build.0 = Desenvolvimento|Any CPU
		{BDCE9F1E-7493-4049-BBBA-6A212CD056B1}.Homologacao|Any CPU.ActiveCfg = Homologacao|Any CPU
		{BDCE9F1E-7493-4049-BBBA-6A212CD056B1}.Homologacao|Any CPU.Build.0 = Homologacao|Any CPU
		{BDCE9F1E-7493-4049-BBBA-6A212CD056B1}.Producao|Any CPU.ActiveCfg = Producao|Any CPU
		{A54056D6-6A77-49F0-B4CE-7DA4576E3610}.Desenvolvimento|Any CPU.ActiveCfg = Homologacao|Any CPU
		{A54056D6-6A77-49F0-B4CE-7DA4576E3610}.Desenvolvimento|Any CPU.Build.0 = Homologacao|Any CPU
		{A54056D6-6A77-49F0-B4CE-7DA4576E3610}.Homologacao|Any CPU.ActiveCfg = Producao|Any CPU
		{A54056D6-6A77-49F0-B4CE-7DA4576E3610}.Homologacao|Any CPU.Build.0 = Producao|Any CPU
		{A54056D6-6A77-49F0-B4CE-7DA4576E3610}.Producao|Any CPU.ActiveCfg = Producao|Any CPU
		{A54056D6-6A77-49F0-B4CE-7DA4576E3610}.Producao|Any CPU.Build.0 = Producao|Any CPU
		{B81B2BAF-AC6B-41AA-81BD-1E75169EAD0A}.Desenvolvimento|Any CPU.ActiveCfg = Homologacao|Any CPU
		{B81B2BAF-AC6B-41AA-81BD-1E75169EAD0A}.Desenvolvimento|Any CPU.Build.0 = Homologacao|Any CPU
		{B81B2BAF-AC6B-41AA-81BD-1E75169EAD0A}.Homologacao|Any CPU.ActiveCfg = Producao|Any CPU
		{B81B2BAF-AC6B-41AA-81BD-1E75169EAD0A}.Homologacao|Any CPU.Build.0 = Producao|Any CPU
		{B81B2BAF-AC6B-41AA-81BD-1E75169EAD0A}.Producao|Any CPU.ActiveCfg = Producao|Any CPU
		{B81B2BAF-AC6B-41AA-81BD-1E75169EAD0A}.Producao|Any CPU.Build.0 = Producao|Any CPU
		{18C7D45A-9846-48AB-A55B-C34FECB80A51}.Desenvolvimento|Any CPU.ActiveCfg = Homologacao|Any CPU
		{18C7D45A-9846-48AB-A55B-C34FECB80A51}.Desenvolvimento|Any CPU.Build.0 = Homologacao|Any CPU
		{18C7D45A-9846-48AB-A55B-C34FECB80A51}.Homologacao|Any CPU.ActiveCfg = Producao|Any CPU
		{18C7D45A-9846-48AB-A55B-C34FECB80A51}.Homologacao|Any CPU.Build.0 = Producao|Any CPU
		{18C7D45A-9846-48AB-A55B-C34FECB80A51}.Producao|Any CPU.ActiveCfg = Producao|Any CPU
		{18C7D45A-9846-48AB-A55B-C34FECB80A51}.Producao|Any CPU.Build.0 = Producao|Any CPU
	EndGlobalSection
	GlobalSection(SolutionProperties) = preSolution
		HideSolutionNode = FALSE
	EndGlobalSection
	GlobalSection(ExtensibilityGlobals) = postSolution
		SolutionGuid = {DE053B38-EA93-404F-AFC4-2CD053D869A6}
	EndGlobalSection
EndGlobal
